
Microsoft Visual Studio Solution File, Format Version 12.00
# Visual Studio 14
VisualStudioVersion = 14.0.25420.1
MinimumVisualStudioVersion = 10.0.40219.1
Project("{FAE04EC0-301F-11D3-BF4B-00C04F79EFBC}") = "Wise_Report", "Wise_Report\Wise_Report.csproj", "{8715984F-FECD-4929-A1D2-B148A136EAAE}"
EndProject
Global
	GlobalSection(SolutionConfigurationPlatforms) = preSolution
		Debug|Any CPU = Debug|Any CPU
		Release|Any CPU = Release|Any CPU
	EndGlobalSection
	GlobalSection(ProjectConfigurationPlatforms) = postSolution
		{8715984F-FECD-4929-A1D2-B148A136EAAE}.Debug|Any CPU.ActiveCfg = Debug|Any CPU
		{8715984F-FECD-4929-A1D2-B148A136EAAE}.Debug|Any CPU.Build.0 = Debug|Any CPU
		{8715984F-FECD-4929-A1D2-B148A136EAAE}.Release|Any CPU.ActiveCfg = Release|Any CPU
		{8715984F-FECD-4929-A1D2-B148A136EAAE}.Release|Any CPU.Build.0 = Release|Any CPU
	EndGlobalSection
	GlobalSection(SolutionProperties) = preSolution
		HideSolutionNode = FALSE
	EndGlobalSection
EndGlobal
